schema: '2.0'
stages:
  ingest:
    cmd: python src/data/ingest.py
    outs:
    - path: data/raw/ml-25m
      hash: md5
      md5: c3ce6309f6f0ec347a9e0a662c640021.dir
      size: 1156670716
      nfiles: 7
    - path: data/raw/ml-25m.zip
      hash: md5
      md5: 6b51fb2759a8657d3bfcbfc42b592ada
      size: 261978986
  preprocess:
    cmd: python src/data/preprocess.py
    deps:
    - path: data/raw/ml-25m/movies.csv
      hash: md5
      md5: 52e9ec0de217791bca8742e9280acc4e
      size: 3038099
    - path: data/raw/ml-25m/ratings.csv
      hash: md5
      md5: b0e866381b9fa56c9e3f87afa46a618f
      size: 678260987
    outs:
    - path: data/processed/data.parquet
      hash: md5
      md5: 1fb37322d4230f9255ec100acc16cb82
      size: 385949384
  split:
    cmd: python src/features/build.py
    deps:
    - path: data/processed/data.parquet
      hash: md5
      md5: 1fb37322d4230f9255ec100acc16cb82
      size: 385949384
    outs:
    - path: data/processed/test.parquet
      hash: md5
      md5: 829cf999f4606505bdddd67033b42d45
      size: 78392332
    - path: data/processed/train.parquet
      hash: md5
      md5: 31be072acb6ec4747b58d6be195502ac
      size: 309548195
  train:
    cmd: python src/models/train.py
    deps:
    - path: data/processed/train.parquet
      hash: md5
      md5: 31be072acb6ec4747b58d6be195502ac
      size: 309548195
    outs:
    - path: model.pkl
      hash: md5
      md5: ffaee53b7b7936ef66073e4841c23b2f
      size: 1119
  eval:
    cmd: python src/models/eval.py
    deps:
    - path: data/processed/test.parquet
      hash: md5
      md5: 829cf999f4606505bdddd67033b42d45
      size: 78392332
    - path: model.pkl
      hash: md5
      md5: ffaee53b7b7936ef66073e4841c23b2f
      size: 1119
